
Microsoft Visual Studio Solution File, Format Version 12.00
# Visual Studio Version 16
VisualStudioVersion = 16.0.29201.188
MinimumVisualStudioVersion = 10.0.40219.1
Project("{FAE04EC0-301F-11D3-BF4B-00C04F79EFBC}") = "EstudoInterfaceCarro", "EstudoInterfaceCarro\EstudoInterfaceCarro.csproj", "{E1F6BBB8-4915-4CCF-9231-D4F1DFE4B6D6}"
EndProject
Global
	GlobalSection(SolutionConfigurationPlatforms) = preSolution
		Debug|Any CPU = Debug|Any CPU
		Release|Any CPU = Release|Any CPU
	EndGlobalSection
	GlobalSection(ProjectConfigurationPlatforms) = postSolution
		{E1F6BBB8-4915-4CCF-9231-D4F1DFE4B6D6}.Debug|Any CPU.ActiveCfg = Debug|Any CPU
		{E1F6BBB8-4915-4CCF-9231-D4F1DFE4B6D6}.Debug|Any CPU.Build.0 = Debug|Any CPU
		{E1F6BBB8-4915-4CCF-9231-D4F1DFE4B6D6}.Release|Any CPU.ActiveCfg = Release|Any CPU
		{E1F6BBB8-4915-4CCF-9231-D4F1DFE4B6D6}.Release|Any CPU.Build.0 = Release|Any CPU
	EndGlobalSection
	GlobalSection(SolutionProperties) = preSolution
		HideSolutionNode = FALSE
	EndGlobalSection
	GlobalSection(ExtensibilityGlobals) = postSolution
		SolutionGuid = {4B8889FD-3985-44FE-BDEC-62233FCA86B0}
	EndGlobalSection
EndGlobal
