
Microsoft Visual Studio Solution File, Format Version 12.00
# Visual Studio Version 16
VisualStudioVersion = 16.0.29020.237
MinimumVisualStudioVersion = 10.0.40219.1
Project("{FAE04EC0-301F-11D3-BF4B-00C04F79EFBC}") = "ExercicioCasaRef", "ExercicioCasaRef.csproj", "{156667BF-C1FF-4154-9FD3-67E4777059FD}"
EndProject
Global
	GlobalSection(SolutionConfigurationPlatforms) = preSolution
		Debug|Any CPU = Debug|Any CPU
		Release|Any CPU = Release|Any CPU
	EndGlobalSection
	GlobalSection(ProjectConfigurationPlatforms) = postSolution
		{156667BF-C1FF-4154-9FD3-67E4777059FD}.Debug|Any CPU.ActiveCfg = Debug|Any CPU
		{156667BF-C1FF-4154-9FD3-67E4777059FD}.Debug|Any CPU.Build.0 = Debug|Any CPU
		{156667BF-C1FF-4154-9FD3-67E4777059FD}.Release|Any CPU.ActiveCfg = Release|Any CPU
		{156667BF-C1FF-4154-9FD3-67E4777059FD}.Release|Any CPU.Build.0 = Release|Any CPU
	EndGlobalSection
	GlobalSection(SolutionProperties) = preSolution
		HideSolutionNode = FALSE
	EndGlobalSection
	GlobalSection(ExtensibilityGlobals) = postSolution
		SolutionGuid = {B2DEF9E8-0610-4594-964C-F4453CEEE047}
	EndGlobalSection
EndGlobal
