
Microsoft Visual Studio Solution File, Format Version 12.00
# Visual Studio Version 16
VisualStudioVersion = 16.0.29102.190
MinimumVisualStudioVersion = 10.0.40219.1
Project("{FAE04EC0-301F-11D3-BF4B-00C04F79EFBC}") = "CalculadoraClass", "CalculadoraClass\CalculadoraClass.csproj", "{27AE840B-49FF-425C-BD84-EE8072D078B9}"
EndProject
Project("{FAE04EC0-301F-11D3-BF4B-00C04F79EFBC}") = "UsandoCalculadora", "UsandoCalculadora\UsandoCalculadora.csproj", "{57672DD3-F38A-4A5A-97A9-99B465F9A67F}"
EndProject
Global
	GlobalSection(SolutionConfigurationPlatforms) = preSolution
		Debug|Any CPU = Debug|Any CPU
		Release|Any CPU = Release|Any CPU
	EndGlobalSection
	GlobalSection(ProjectConfigurationPlatforms) = postSolution
		{27AE840B-49FF-425C-BD84-EE8072D078B9}.Debug|Any CPU.ActiveCfg = Debug|Any CPU
		{27AE840B-49FF-425C-BD84-EE8072D078B9}.Debug|Any CPU.Build.0 = Debug|Any CPU
		{27AE840B-49FF-425C-BD84-EE8072D078B9}.Release|Any CPU.ActiveCfg = Release|Any CPU
		{27AE840B-49FF-425C-BD84-EE8072D078B9}.Release|Any CPU.Build.0 = Release|Any CPU
		{57672DD3-F38A-4A5A-97A9-99B465F9A67F}.Debug|Any CPU.ActiveCfg = Debug|Any CPU
		{57672DD3-F38A-4A5A-97A9-99B465F9A67F}.Debug|Any CPU.Build.0 = Debug|Any CPU
		{57672DD3-F38A-4A5A-97A9-99B465F9A67F}.Release|Any CPU.ActiveCfg = Release|Any CPU
		{57672DD3-F38A-4A5A-97A9-99B465F9A67F}.Release|Any CPU.Build.0 = Release|Any CPU
	EndGlobalSection
	GlobalSection(SolutionProperties) = preSolution
		HideSolutionNode = FALSE
	EndGlobalSection
	GlobalSection(ExtensibilityGlobals) = postSolution
		SolutionGuid = {351AE9CF-58F7-43EC-B867-B5009F7848F9}
	EndGlobalSection
EndGlobal
