
Microsoft Visual Studio Solution File, Format Version 12.00
# Visual Studio Version 16
VisualStudioVersion = 16.0.29020.237
MinimumVisualStudioVersion = 10.0.40219.1
Project("{FAE04EC0-301F-11D3-BF4B-00C04F79EFBC}") = "SistemaBibliotecaOnline", "SistemaBibliotecaOnline.csproj", "{73573B79-B46D-4C05-8A4C-A712E7384B36}"
EndProject
Global
	GlobalSection(SolutionConfigurationPlatforms) = preSolution
		Debug|Any CPU = Debug|Any CPU
		Release|Any CPU = Release|Any CPU
	EndGlobalSection
	GlobalSection(ProjectConfigurationPlatforms) = postSolution
		{73573B79-B46D-4C05-8A4C-A712E7384B36}.Debug|Any CPU.ActiveCfg = Debug|Any CPU
		{73573B79-B46D-4C05-8A4C-A712E7384B36}.Debug|Any CPU.Build.0 = Debug|Any CPU
		{73573B79-B46D-4C05-8A4C-A712E7384B36}.Release|Any CPU.ActiveCfg = Release|Any CPU
		{73573B79-B46D-4C05-8A4C-A712E7384B36}.Release|Any CPU.Build.0 = Release|Any CPU
	EndGlobalSection
	GlobalSection(SolutionProperties) = preSolution
		HideSolutionNode = FALSE
	EndGlobalSection
	GlobalSection(ExtensibilityGlobals) = postSolution
		SolutionGuid = {982DB519-CAA0-4ACB-A817-6A73802AC92B}
	EndGlobalSection
EndGlobal
