
Microsoft Visual Studio Solution File, Format Version 12.00
# Visual Studio Version 16
VisualStudioVersion = 16.0.29123.88
MinimumVisualStudioVersion = 10.0.40219.1
Project("{FAE04EC0-301F-11D3-BF4B-00C04F79EFBC}") = "ProjetoAnimal", "ProjetoAnimal\ProjetoAnimal.csproj", "{2E2AEEE1-CE02-4A8B-8DBC-32A041FE2BB5}"
EndProject
Project("{FAE04EC0-301F-11D3-BF4B-00C04F79EFBC}") = "RotinaAnimal", "RotinaAnimal\RotinaAnimal.csproj", "{36B8780D-5995-4113-8A19-355E5B8DB102}"
EndProject
Global
	GlobalSection(SolutionConfigurationPlatforms) = preSolution
		Debug|Any CPU = Debug|Any CPU
		Release|Any CPU = Release|Any CPU
	EndGlobalSection
	GlobalSection(ProjectConfigurationPlatforms) = postSolution
		{2E2AEEE1-CE02-4A8B-8DBC-32A041FE2BB5}.Debug|Any CPU.ActiveCfg = Debug|Any CPU
		{2E2AEEE1-CE02-4A8B-8DBC-32A041FE2BB5}.Debug|Any CPU.Build.0 = Debug|Any CPU
		{2E2AEEE1-CE02-4A8B-8DBC-32A041FE2BB5}.Release|Any CPU.ActiveCfg = Release|Any CPU
		{2E2AEEE1-CE02-4A8B-8DBC-32A041FE2BB5}.Release|Any CPU.Build.0 = Release|Any CPU
		{36B8780D-5995-4113-8A19-355E5B8DB102}.Debug|Any CPU.ActiveCfg = Debug|Any CPU
		{36B8780D-5995-4113-8A19-355E5B8DB102}.Debug|Any CPU.Build.0 = Debug|Any CPU
		{36B8780D-5995-4113-8A19-355E5B8DB102}.Release|Any CPU.ActiveCfg = Release|Any CPU
		{36B8780D-5995-4113-8A19-355E5B8DB102}.Release|Any CPU.Build.0 = Release|Any CPU
	EndGlobalSection
	GlobalSection(SolutionProperties) = preSolution
		HideSolutionNode = FALSE
	EndGlobalSection
	GlobalSection(ExtensibilityGlobals) = postSolution
		SolutionGuid = {047AFD32-9655-4026-BA45-EBC4F464116A}
	EndGlobalSection
EndGlobal
