
Microsoft Visual Studio Solution File, Format Version 12.00
# Visual Studio Version 16
VisualStudioVersion = 16.0.29020.237
MinimumVisualStudioVersion = 10.0.40219.1
Project("{FAE04EC0-301F-11D3-BF4B-00C04F79EFBC}") = "ExercicioCasaCinema1", "ExercicioCasaCinema1.csproj", "{D6F10BAF-C758-4FBD-8096-4D495AA7A2D2}"
EndProject
Global
	GlobalSection(SolutionConfigurationPlatforms) = preSolution
		Debug|Any CPU = Debug|Any CPU
		Release|Any CPU = Release|Any CPU
	EndGlobalSection
	GlobalSection(ProjectConfigurationPlatforms) = postSolution
		{D6F10BAF-C758-4FBD-8096-4D495AA7A2D2}.Debug|Any CPU.ActiveCfg = Debug|Any CPU
		{D6F10BAF-C758-4FBD-8096-4D495AA7A2D2}.Debug|Any CPU.Build.0 = Debug|Any CPU
		{D6F10BAF-C758-4FBD-8096-4D495AA7A2D2}.Release|Any CPU.ActiveCfg = Release|Any CPU
		{D6F10BAF-C758-4FBD-8096-4D495AA7A2D2}.Release|Any CPU.Build.0 = Release|Any CPU
	EndGlobalSection
	GlobalSection(SolutionProperties) = preSolution
		HideSolutionNode = FALSE
	EndGlobalSection
	GlobalSection(ExtensibilityGlobals) = postSolution
		SolutionGuid = {C2BEF93D-A5BD-456F-A807-82C6C97E2546}
	EndGlobalSection
EndGlobal
