
Microsoft Visual Studio Solution File, Format Version 12.00
# Visual Studio Version 16
VisualStudioVersion = 16.0.29201.188
MinimumVisualStudioVersion = 10.0.40219.1
Project("{FAE04EC0-301F-11D3-BF4B-00C04F79EFBC}") = "WebApplication1", "WebApplication1\WebApplication1.csproj", "{36E11387-29C2-4BD6-A1EA-820260453D04}"
EndProject
Global
	GlobalSection(SolutionConfigurationPlatforms) = preSolution
		Debug|Any CPU = Debug|Any CPU
		Release|Any CPU = Release|Any CPU
	EndGlobalSection
	GlobalSection(ProjectConfigurationPlatforms) = postSolution
		{36E11387-29C2-4BD6-A1EA-820260453D04}.Debug|Any CPU.ActiveCfg = Debug|Any CPU
		{36E11387-29C2-4BD6-A1EA-820260453D04}.Debug|Any CPU.Build.0 = Debug|Any CPU
		{36E11387-29C2-4BD6-A1EA-820260453D04}.Release|Any CPU.ActiveCfg = Release|Any CPU
		{36E11387-29C2-4BD6-A1EA-820260453D04}.Release|Any CPU.Build.0 = Release|Any CPU
	EndGlobalSection
	GlobalSection(SolutionProperties) = preSolution
		HideSolutionNode = FALSE
	EndGlobalSection
	GlobalSection(ExtensibilityGlobals) = postSolution
		SolutionGuid = {33F900B0-557F-46C4-8A8C-DCF7632C2993}
	EndGlobalSection
EndGlobal
