
Microsoft Visual Studio Solution File, Format Version 12.00
# Visual Studio Version 16
VisualStudioVersion = 16.0.29020.237
MinimumVisualStudioVersion = 10.0.40219.1
Project("{FAE04EC0-301F-11D3-BF4B-00C04F79EFBC}") = "ListaBiDeManeiraSimples", "ListaBiDeManeiraSimples.csproj", "{B040FD6B-A027-4DEB-9E06-AA932122F551}"
EndProject
Global
	GlobalSection(SolutionConfigurationPlatforms) = preSolution
		Debug|Any CPU = Debug|Any CPU
		Release|Any CPU = Release|Any CPU
	EndGlobalSection
	GlobalSection(ProjectConfigurationPlatforms) = postSolution
		{B040FD6B-A027-4DEB-9E06-AA932122F551}.Debug|Any CPU.ActiveCfg = Debug|Any CPU
		{B040FD6B-A027-4DEB-9E06-AA932122F551}.Debug|Any CPU.Build.0 = Debug|Any CPU
		{B040FD6B-A027-4DEB-9E06-AA932122F551}.Release|Any CPU.ActiveCfg = Release|Any CPU
		{B040FD6B-A027-4DEB-9E06-AA932122F551}.Release|Any CPU.Build.0 = Release|Any CPU
	EndGlobalSection
	GlobalSection(SolutionProperties) = preSolution
		HideSolutionNode = FALSE
	EndGlobalSection
	GlobalSection(ExtensibilityGlobals) = postSolution
		SolutionGuid = {8AF06E26-6C42-40CE-977A-4F15BCFEE9A8}
	EndGlobalSection
EndGlobal
