
Microsoft Visual Studio Solution File, Format Version 12.00
# Visual Studio Version 16
VisualStudioVersion = 16.0.29020.237
MinimumVisualStudioVersion = 10.0.40219.1
Project("{FAE04EC0-301F-11D3-BF4B-00C04F79EFBC}") = "ConsoleBeep", "ConsoleBeep.csproj", "{BA9486E1-D17A-470E-AFA2-D292A168AF23}"
EndProject
Global
	GlobalSection(SolutionConfigurationPlatforms) = preSolution
		Debug|Any CPU = Debug|Any CPU
		Release|Any CPU = Release|Any CPU
	EndGlobalSection
	GlobalSection(ProjectConfigurationPlatforms) = postSolution
		{BA9486E1-D17A-470E-AFA2-D292A168AF23}.Debug|Any CPU.ActiveCfg = Debug|Any CPU
		{BA9486E1-D17A-470E-AFA2-D292A168AF23}.Debug|Any CPU.Build.0 = Debug|Any CPU
		{BA9486E1-D17A-470E-AFA2-D292A168AF23}.Release|Any CPU.ActiveCfg = Release|Any CPU
		{BA9486E1-D17A-470E-AFA2-D292A168AF23}.Release|Any CPU.Build.0 = Release|Any CPU
	EndGlobalSection
	GlobalSection(SolutionProperties) = preSolution
		HideSolutionNode = FALSE
	EndGlobalSection
	GlobalSection(ExtensibilityGlobals) = postSolution
		SolutionGuid = {82573C81-0296-470E-AE36-863CF887AC9E}
	EndGlobalSection
EndGlobal
