
Microsoft Visual Studio Solution File, Format Version 12.00
# Visual Studio Version 16
VisualStudioVersion = 16.0.29123.88
MinimumVisualStudioVersion = 10.0.40219.1
Project("{FAE04EC0-301F-11D3-BF4B-00C04F79EFBC}") = "DataGridViewExample", "DataGridViewExample\DataGridViewExample.csproj", "{13E7E90D-AC98-4D0C-9364-A95AF89BEE0C}"
EndProject
Global
	GlobalSection(SolutionConfigurationPlatforms) = preSolution
		Debug|Any CPU = Debug|Any CPU
		Release|Any CPU = Release|Any CPU
	EndGlobalSection
	GlobalSection(ProjectConfigurationPlatforms) = postSolution
		{13E7E90D-AC98-4D0C-9364-A95AF89BEE0C}.Debug|Any CPU.ActiveCfg = Debug|Any CPU
		{13E7E90D-AC98-4D0C-9364-A95AF89BEE0C}.Debug|Any CPU.Build.0 = Debug|Any CPU
		{13E7E90D-AC98-4D0C-9364-A95AF89BEE0C}.Release|Any CPU.ActiveCfg = Release|Any CPU
		{13E7E90D-AC98-4D0C-9364-A95AF89BEE0C}.Release|Any CPU.Build.0 = Release|Any CPU
	EndGlobalSection
	GlobalSection(SolutionProperties) = preSolution
		HideSolutionNode = FALSE
	EndGlobalSection
	GlobalSection(ExtensibilityGlobals) = postSolution
		SolutionGuid = {5A81B2B5-7324-4AA8-8C25-153544A40017}
	EndGlobalSection
EndGlobal
